// !$*UTF8*$!
{
	archiveVersion = 1;
	classes = {
	};
	objectVersion = 50;
	objects = {

/* Begin PBXBuildFile section */
		631CBA7924754105003A0D1B /* big_logo@3x.png in Resources */ = {isa = PBXBuildFile; fileRef = 631CBA6B24754105003A0D1B /* big_logo@3x.png */; };
		631CBA7B24754105003A0D1B /* big_logo@2x.png in Resources */ = {isa = PBXBuildFile; fileRef = 631CBA6D24754105003A0D1B /* big_logo@2x.png */; };
		632F79B5245860FE00CC2F79 /* Main.storyboard in Resources */ = {isa = PBXBuildFile; fileRef = 632F79B4245860FE00CC2F79 /* Main.storyboard */; };
		6366B8E02476AF8300E424A1 /* video_close@2x.png in Resources */ = {isa = PBXBuildFile; fileRef = 6366B8CE2476AF8200E424A1 /* video_close@2x.png */; };
		6366B8E12476AF8300E424A1 /* video_close@3x.png in Resources */ = {isa = PBXBuildFile; fileRef = 6366B8CF2476AF8200E424A1 /* video_close@3x.png */; };
		6366B8E22476AF8300E424A1 /* switch@2x.png in Resources */ = {isa = PBXBuildFile; fileRef = 6366B8D02476AF8200E424A1 /* switch@2x.png */; };
		6366B8E32476AF8300E424A1 /* video_open@3x.png in Resources */ = {isa = PBXBuildFile; fileRef = 6366B8D12476AF8200E424A1 /* video_open@3x.png */; };
		6366B8E42476AF8300E424A1 /* mic@2x.png in Resources */ = {isa = PBXBuildFile; fileRef = 6366B8D22476AF8200E424A1 /* mic@2x.png */; };
		6366B8E52476AF8300E424A1 /* audio_close@2x.png in Resources */ = {isa = PBXBuildFile; fileRef = 6366B8D32476AF8200E424A1 /* audio_close@2x.png */; };
		6366B8E62476AF8300E424A1 /* audio_open@2x.png in Resources */ = {isa = PBXBuildFile; fileRef = 6366B8D42476AF8200E424A1 /* audio_open@2x.png */; };
		6366B8E72476AF8300E424A1 /* end@3x.png in Resources */ = {isa = PBXBuildFile; fileRef = 6366B8D52476AF8200E424A1 /* end@3x.png */; };
		6366B8E82476AF8300E424A1 /* start@3x.png in Resources */ = {isa = PBXBuildFile; fileRef = 6366B8D62476AF8200E424A1 /* start@3x.png */; };
		6366B8E92476AF8300E424A1 /* switch@3x.png in Resources */ = {isa = PBXBuildFile; fileRef = 6366B8D72476AF8300E424A1 /* switch@3x.png */; };
		6366B8EA2476AF8300E424A1 /* audio_open@3x.png in Resources */ = {isa = PBXBuildFile; fileRef = 6366B8D82476AF8300E424A1 /* audio_open@3x.png */; };
		6366B8EB2476AF8300E424A1 /* end@2x.png in Resources */ = {isa = PBXBuildFile; fileRef = 6366B8D92476AF8300E424A1 /* end@2x.png */; };
		6366B8EC2476AF8300E424A1 /* video_open@2x.png in Resources */ = {isa = PBXBuildFile; fileRef = 6366B8DA2476AF8300E424A1 /* video_open@2x.png */; };
		6366B8ED2476AF8300E424A1 /* mic@3x.png in Resources */ = {isa = PBXBuildFile; fileRef = 6366B8DB2476AF8300E424A1 /* mic@3x.png */; };
		6366B8EE2476AF8300E424A1 /* unmic@3x.png in Resources */ = {isa = PBXBuildFile; fileRef = 6366B8DC2476AF8300E424A1 /* unmic@3x.png */; };
		6366B8EF2476AF8300E424A1 /* start@2x.png in Resources */ = {isa = PBXBuildFile; fileRef = 6366B8DD2476AF8300E424A1 /* start@2x.png */; };
		6366B8F02476AF8300E424A1 /* audio_close@3x.png in Resources */ = {isa = PBXBuildFile; fileRef = 6366B8DE2476AF8300E424A1 /* audio_close@3x.png */; };
		6366B8F12476AF8300E424A1 /* unmic@2x.png in Resources */ = {isa = PBXBuildFile; fileRef = 6366B8DF2476AF8300E424A1 /* unmic@2x.png */; };
		637A3BAB245692C600561446 /* AppDelegate.swift in Sources */ = {isa = PBXBuildFile; fileRef = 637A3BAA245692C600561446 /* AppDelegate.swift */; };
		637A3BB4245692C800561446 /* Assets.xcassets in Resources */ = {isa = PBXBuildFile; fileRef = 637A3BB3245692C800561446 /* Assets.xcassets */; };
		637A3BB7245692C800561446 /* LaunchScreen.storyboard in Resources */ = {isa = PBXBuildFile; fileRef = 637A3BB5245692C800561446 /* LaunchScreen.storyboard */; };
		637A3BBF2456930600561446 /* VideoChatViewController.swift in Sources */ = {isa = PBXBuildFile; fileRef = 637A3BBE2456930600561446 /* VideoChatViewController.swift */; };
		637A3BC12456A58400561446 /* AppID.swift in Sources */ = {isa = PBXBuildFile; fileRef = 637A3BC02456A58400561446 /* AppID.swift */; };
		637A3BC52456A5B500561446 /* Log.storyboard in Resources */ = {isa = PBXBuildFile; fileRef = 637A3BC42456A5B500561446 /* Log.storyboard */; };
		637A3BC92456A7B400561446 /* LogViewController.swift in Sources */ = {isa = PBXBuildFile; fileRef = 637A3BC82456A7B400561446 /* LogViewController.swift */; };
		637BA1822463AAEB00BE0FC8 /* ARVideoView.swift in Sources */ = {isa = PBXBuildFile; fileRef = 637BA1812463AAEB00BE0FC8 /* ARVideoView.swift */; };
		638A84B4247CE3E0000C75B7 /* Bugly.framework in Frameworks */ = {isa = PBXBuildFile; fileRef = 63686B262477ED6D00EEC199 /* Bugly.framework */; };
		63B400F225075402000D52EC /* ARtcKit.framework in Frameworks */ = {isa = PBXBuildFile; fileRef = 63B400F0250753EF000D52EC /* ARtcKit.framework */; };
		63B400F325075402000D52EC /* ARtcKit.framework in Embed Frameworks */ = {isa = PBXBuildFile; fileRef = 63B400F0250753EF000D52EC /* ARtcKit.framework */; settings = {ATTRIBUTES = (CodeSignOnCopy, RemoveHeadersOnCopy, ); }; };
		63F72D94247D4ACA00407722 /* ARVideoView.xib in Resources */ = {isa = PBXBuildFile; fileRef = 63F72D93247D4ACA00407722 /* ARVideoView.xib */; };
/* End PBXBuildFile section */

/* Begin PBXCopyFilesBuildPhase section */
		638A84B8247CE3E9000C75B7 /* Embed Frameworks */ = {
			isa = PBXCopyFilesBuildPhase;
			buildActionMask = 2147483647;
			dstPath = "";
			dstSubfolderSpec = 10;
			files = (
				63B400F325075402000D52EC /* ARtcKit.framework in Embed Frameworks */,
			);
			name = "Embed Frameworks";
			runOnlyForDeploymentPostprocessing = 0;
		};
/* End PBXCopyFilesBuildPhase section */

/* Begin PBXFileReference section */
		631CBA6B24754105003A0D1B /* big_logo@3x.png */ = {isa = PBXFileReference; lastKnownFileType = image.png; path = "big_logo@3x.png"; sourceTree = "<group>"; };
		631CBA6D24754105003A0D1B /* big_logo@2x.png */ = {isa = PBXFileReference; lastKnownFileType = image.png; path = "big_logo@2x.png"; sourceTree = "<group>"; };
		632F79B4245860FE00CC2F79 /* Main.storyboard */ = {isa = PBXFileReference; fileEncoding = 4; lastKnownFileType = file.storyboard; path = Main.storyboard; sourceTree = "<group>"; };
		6366B8CE2476AF8200E424A1 /* video_close@2x.png */ = {isa = PBXFileReference; lastKnownFileType = image.png; path = "video_close@2x.png"; sourceTree = "<group>"; };
		6366B8CF2476AF8200E424A1 /* video_close@3x.png */ = {isa = PBXFileReference; lastKnownFileType = image.png; path = "video_close@3x.png"; sourceTree = "<group>"; };
		6366B8D02476AF8200E424A1 /* switch@2x.png */ = {isa = PBXFileReference; lastKnownFileType = image.png; path = "switch@2x.png"; sourceTree = "<group>"; };
		6366B8D12476AF8200E424A1 /* video_open@3x.png */ = {isa = PBXFileReference; lastKnownFileType = image.png; path = "video_open@3x.png"; sourceTree = "<group>"; };
		6366B8D22476AF8200E424A1 /* mic@2x.png */ = {isa = PBXFileReference; lastKnownFileType = image.png; path = "mic@2x.png"; sourceTree = "<group>"; };
		6366B8D32476AF8200E424A1 /* audio_close@2x.png */ = {isa = PBXFileReference; lastKnownFileType = image.png; path = "audio_close@2x.png"; sourceTree = "<group>"; };
		6366B8D42476AF8200E424A1 /* audio_open@2x.png */ = {isa = PBXFileReference; lastKnownFileType = image.png; path = "audio_open@2x.png"; sourceTree = "<group>"; };
		6366B8D52476AF8200E424A1 /* end@3x.png */ = {isa = PBXFileReference; lastKnownFileType = image.png; path = "end@3x.png"; sourceTree = "<group>"; };
		6366B8D62476AF8200E424A1 /* start@3x.png */ = {isa = PBXFileReference; lastKnownFileType = image.png; path = "start@3x.png"; sourceTree = "<group>"; };
		6366B8D72476AF8300E424A1 /* switch@3x.png */ = {isa = PBXFileReference; lastKnownFileType = image.png; path = "switch@3x.png"; sourceTree = "<group>"; };
		6366B8D82476AF8300E424A1 /* audio_open@3x.png */ = {isa = PBXFileReference; lastKnownFileType = image.png; path = "audio_open@3x.png"; sourceTree = "<group>"; };
		6366B8D92476AF8300E424A1 /* end@2x.png */ = {isa = PBXFileReference; lastKnownFileType = image.png; path = "end@2x.png"; sourceTree = "<group>"; };
		6366B8DA2476AF8300E424A1 /* video_open@2x.png */ = {isa = PBXFileReference; lastKnownFileType = image.png; path = "video_open@2x.png"; sourceTree = "<group>"; };
		6366B8DB2476AF8300E424A1 /* mic@3x.png */ = {isa = PBXFileReference; lastKnownFileType = image.png; path = "mic@3x.png"; sourceTree = "<group>"; };
		6366B8DC2476AF8300E424A1 /* unmic@3x.png */ = {isa = PBXFileReference; lastKnownFileType = image.png; path = "unmic@3x.png"; sourceTree = "<group>"; };
		6366B8DD2476AF8300E424A1 /* start@2x.png */ = {isa = PBXFileReference; lastKnownFileType = image.png; path = "start@2x.png"; sourceTree = "<group>"; };
		6366B8DE2476AF8300E424A1 /* audio_close@3x.png */ = {isa = PBXFileReference; lastKnownFileType = image.png; path = "audio_close@3x.png"; sourceTree = "<group>"; };
		6366B8DF2476AF8300E424A1 /* unmic@2x.png */ = {isa = PBXFileReference; lastKnownFileType = image.png; path = "unmic@2x.png"; sourceTree = "<group>"; };
		63686B262477ED6D00EEC199 /* Bugly.framework */ = {isa = PBXFileReference; lastKnownFileType = wrapper.framework; path = Bugly.framework; sourceTree = "<group>"; };
		63686B282477EDF700EEC199 /* bridging-header.h */ = {isa = PBXFileReference; lastKnownFileType = sourcecode.c.h; path = "bridging-header.h"; sourceTree = "<group>"; };
		637A3BA7245692C600561446 /* AR-iOS-Tutorial.app */ = {isa = PBXFileReference; explicitFileType = wrapper.application; includeInIndex = 0; path = "AR-iOS-Tutorial.app"; sourceTree = BUILT_PRODUCTS_DIR; };
		637A3BAA245692C600561446 /* AppDelegate.swift */ = {isa = PBXFileReference; lastKnownFileType = sourcecode.swift; path = AppDelegate.swift; sourceTree = "<group>"; };
		637A3BB3245692C800561446 /* Assets.xcassets */ = {isa = PBXFileReference; lastKnownFileType = folder.assetcatalog; path = Assets.xcassets; sourceTree = "<group>"; };
		637A3BB6245692C800561446 /* Base */ = {isa = PBXFileReference; lastKnownFileType = file.storyboard; name = Base; path = Base.lproj/LaunchScreen.storyboard; sourceTree = "<group>"; };
		637A3BB8245692C800561446 /* Info.plist */ = {isa = PBXFileReference; lastKnownFileType = text.plist.xml; path = Info.plist; sourceTree = "<group>"; };
		637A3BBE2456930600561446 /* VideoChatViewController.swift */ = {isa = PBXFileReference; lastKnownFileType = sourcecode.swift; path = VideoChatViewController.swift; sourceTree = "<group>"; };
		637A3BC02456A58400561446 /* AppID.swift */ = {isa = PBXFileReference; fileEncoding = 4; lastKnownFileType = sourcecode.swift; path = AppID.swift; sourceTree = "<group>"; };
		637A3BC42456A5B500561446 /* Log.storyboard */ = {isa = PBXFileReference; fileEncoding = 4; lastKnownFileType = file.storyboard; path = Log.storyboard; sourceTree = "<group>"; };
		637A3BC82456A7B400561446 /* LogViewController.swift */ = {isa = PBXFileReference; lastKnownFileType = sourcecode.swift; path = LogViewController.swift; sourceTree = "<group>"; };
		637BA1812463AAEB00BE0FC8 /* ARVideoView.swift */ = {isa = PBXFileReference; lastKnownFileType = sourcecode.swift; path = ARVideoView.swift; sourceTree = "<group>"; };
		63B400F0250753EF000D52EC /* ARtcKit.framework */ = {isa = PBXFileReference; lastKnownFileType = wrapper.framework; path = ARtcKit.framework; sourceTree = "<group>"; };
		63F72D93247D4ACA00407722 /* ARVideoView.xib */ = {isa = PBXFileReference; fileEncoding = 4; lastKnownFileType = file.xib; path = ARVideoView.xib; sourceTree = "<group>"; };
/* End PBXFileReference section */

/* Begin PBXFrameworksBuildPhase section */
		637A3BA4245692C600561446 /* Frameworks */ = {
			isa = PBXFrameworksBuildPhase;
			buildActionMask = 2147483647;
			files = (
				638A84B4247CE3E0000C75B7 /* Bugly.framework in Frameworks */,
				63B400F225075402000D52EC /* ARtcKit.framework in Frameworks */,
			);
			runOnlyForDeploymentPostprocessing = 0;
		};
/* End PBXFrameworksBuildPhase section */

/* Begin PBXGroup section */
		631CBA6324754105003A0D1B /* resource */ = {
			isa = PBXGroup;
			children = (
				6366B8D32476AF8200E424A1 /* audio_close@2x.png */,
				6366B8DE2476AF8300E424A1 /* audio_close@3x.png */,
				6366B8D42476AF8200E424A1 /* audio_open@2x.png */,
				6366B8D82476AF8300E424A1 /* audio_open@3x.png */,
				6366B8D92476AF8300E424A1 /* end@2x.png */,
				6366B8D52476AF8200E424A1 /* end@3x.png */,
				6366B8D22476AF8200E424A1 /* mic@2x.png */,
				6366B8DB2476AF8300E424A1 /* mic@3x.png */,
				6366B8DD2476AF8300E424A1 /* start@2x.png */,
				6366B8D62476AF8200E424A1 /* start@3x.png */,
				6366B8D02476AF8200E424A1 /* switch@2x.png */,
				6366B8D72476AF8300E424A1 /* switch@3x.png */,
				6366B8DF2476AF8300E424A1 /* unmic@2x.png */,
				6366B8DC2476AF8300E424A1 /* unmic@3x.png */,
				6366B8CE2476AF8200E424A1 /* video_close@2x.png */,
				6366B8CF2476AF8200E424A1 /* video_close@3x.png */,
				6366B8DA2476AF8300E424A1 /* video_open@2x.png */,
				6366B8D12476AF8200E424A1 /* video_open@3x.png */,
				631CBA6B24754105003A0D1B /* big_logo@3x.png */,
				631CBA6D24754105003A0D1B /* big_logo@2x.png */,
			);
			path = resource;
			sourceTree = "<group>";
		};
		637A3B9E245692C600561446 = {
			isa = PBXGroup;
			children = (
				637A3BA9245692C600561446 /* AR-iOS-Tutorial */,
				637A3BA8245692C600561446 /* Products */,
			);
			sourceTree = "<group>";
		};
		637A3BA8245692C600561446 /* Products */ = {
			isa = PBXGroup;
			children = (
				637A3BA7245692C600561446 /* AR-iOS-Tutorial.app */,
			);
			name = Products;
			sourceTree = "<group>";
		};
		637A3BA9245692C600561446 /* AR-iOS-Tutorial */ = {
			isa = PBXGroup;
			children = (
				63B400F0250753EF000D52EC /* ARtcKit.framework */,
				63686B262477ED6D00EEC199 /* Bugly.framework */,
				631CBA6324754105003A0D1B /* resource */,
				637A3BBE2456930600561446 /* VideoChatViewController.swift */,
				637A3BC82456A7B400561446 /* LogViewController.swift */,
				637A3BAA245692C600561446 /* AppDelegate.swift */,
				637A3BC02456A58400561446 /* AppID.swift */,
				632F79B4245860FE00CC2F79 /* Main.storyboard */,
				637A3BC42456A5B500561446 /* Log.storyboard */,
				637A3BB3245692C800561446 /* Assets.xcassets */,
				637A3BB5245692C800561446 /* LaunchScreen.storyboard */,
				637A3BB8245692C800561446 /* Info.plist */,
				637BA1812463AAEB00BE0FC8 /* ARVideoView.swift */,
				63F72D93247D4ACA00407722 /* ARVideoView.xib */,
				63686B282477EDF700EEC199 /* bridging-header.h */,
			);
			path = "AR-iOS-Tutorial";
			sourceTree = "<group>";
		};
/* End PBXGroup section */

/* Begin PBXNativeTarget section */
		637A3BA6245692C600561446 /* AR-iOS-Tutorial */ = {
			isa = PBXNativeTarget;
			buildConfigurationList = 637A3BBB245692C800561446 /* Build configuration list for PBXNativeTarget "AR-iOS-Tutorial" */;
			buildPhases = (
				637A3BA3245692C600561446 /* Sources */,
				637A3BA4245692C600561446 /* Frameworks */,
				637A3BA5245692C600561446 /* Resources */,
				638A84B8247CE3E9000C75B7 /* Embed Frameworks */,
			);
			buildRules = (
			);
			dependencies = (
			);
			name = "AR-iOS-Tutorial";
			productName = "AR-iOS-Tutorial";
			productReference = 637A3BA7245692C600561446 /* AR-iOS-Tutorial.app */;
			productType = "com.apple.product-type.application";
		};
/* End PBXNativeTarget section */

/* Begin PBXProject section */
		637A3B9F245692C600561446 /* Project object */ = {
			isa = PBXProject;
			attributes = {
				LastSwiftUpdateCheck = 1130;
				LastUpgradeCheck = 1130;
				ORGANIZATIONNAME = AR;
				TargetAttributes = {
					637A3BA6245692C600561446 = {
						CreatedOnToolsVersion = 11.3;
						LastSwiftMigration = 1130;
					};
				};
			};
			buildConfigurationList = 637A3BA2245692C600561446 /* Build configuration list for PBXProject "AR-iOS-Tutorial" */;
			compatibilityVersion = "Xcode 9.3";
			developmentRegion = en;
			hasScannedForEncodings = 0;
			knownRegions = (
				en,
				Base,
			);
			mainGroup = 637A3B9E245692C600561446;
			productRefGroup = 637A3BA8245692C600561446 /* Products */;
			projectDirPath = "";
			projectRoot = "";
			targets = (
				637A3BA6245692C600561446 /* AR-iOS-Tutorial */,
			);
		};
/* End PBXProject section */

/* Begin PBXResourcesBuildPhase section */
		637A3BA5245692C600561446 /* Resources */ = {
			isa = PBXResourcesBuildPhase;
			buildActionMask = 2147483647;
			files = (
				6366B8E92476AF8300E424A1 /* switch@3x.png in Resources */,
				6366B8E32476AF8300E424A1 /* video_open@3x.png in Resources */,
				6366B8E62476AF8300E424A1 /* audio_open@2x.png in Resources */,
				6366B8F02476AF8300E424A1 /* audio_close@3x.png in Resources */,
				6366B8EF2476AF8300E424A1 /* start@2x.png in Resources */,
				6366B8E22476AF8300E424A1 /* switch@2x.png in Resources */,
				637A3BB7245692C800561446 /* LaunchScreen.storyboard in Resources */,
				63F72D94247D4ACA00407722 /* ARVideoView.xib in Resources */,
				6366B8F12476AF8300E424A1 /* unmic@2x.png in Resources */,
				6366B8ED2476AF8300E424A1 /* mic@3x.png in Resources */,
				6366B8E12476AF8300E424A1 /* video_close@3x.png in Resources */,
				6366B8EA2476AF8300E424A1 /* audio_open@3x.png in Resources */,
				637A3BB4245692C800561446 /* Assets.xcassets in Resources */,
				6366B8E82476AF8300E424A1 /* start@3x.png in Resources */,
				637A3BC52456A5B500561446 /* Log.storyboard in Resources */,
				6366B8EC2476AF8300E424A1 /* video_open@2x.png in Resources */,
				631CBA7924754105003A0D1B /* big_logo@3x.png in Resources */,
				6366B8E72476AF8300E424A1 /* end@3x.png in Resources */,
				6366B8E42476AF8300E424A1 /* mic@2x.png in Resources */,
				632F79B5245860FE00CC2F79 /* Main.storyboard in Resources */,
				631CBA7B24754105003A0D1B /* big_logo@2x.png in Resources */,
				6366B8EB2476AF8300E424A1 /* end@2x.png in Resources */,
				6366B8E02476AF8300E424A1 /* video_close@2x.png in Resources */,
				6366B8EE2476AF8300E424A1 /* unmic@3x.png in Resources */,
				6366B8E52476AF8300E424A1 /* audio_close@2x.png in Resources */,
			);
			runOnlyForDeploymentPostprocessing = 0;
		};
/* End PBXResourcesBuildPhase section */

/* Begin PBXSourcesBuildPhase section */
		637A3BA3245692C600561446 /* Sources */ = {
			isa = PBXSourcesBuildPhase;
			buildActionMask = 2147483647;
			files = (
				637A3BC12456A58400561446 /* AppID.swift in Sources */,
				637A3BAB245692C600561446 /* AppDelegate.swift in Sources */,
				637BA1822463AAEB00BE0FC8 /* ARVideoView.swift in Sources */,
				637A3BBF2456930600561446 /* VideoChatViewController.swift in Sources */,
				637A3BC92456A7B400561446 /* LogViewController.swift in Sources */,
			);
			runOnlyForDeploymentPostprocessing = 0;
		};
/* End PBXSourcesBuildPhase section */

/* Begin PBXVariantGroup section */
		637A3BB5245692C800561446 /* LaunchScreen.storyboard */ = {
			isa = PBXVariantGroup;
			children = (
				637A3BB6245692C800561446 /* Base */,
			);
			name = LaunchScreen.storyboard;
			sourceTree = "<group>";
		};
/* End PBXVariantGroup section */

/* Begin XCBuildConfiguration section */
		637A3BB9245692C800561446 /* Debug */ = {
			isa = XCBuildConfiguration;
			buildSettings = {
				ALWAYS_SEARCH_USER_PATHS = NO;
				CLANG_ANALYZER_NONNULL = YES;
				CLANG_ANALYZER_NUMBER_OBJECT_CONVERSION = YES_AGGRESSIVE;
				CLANG_CXX_LANGUAGE_STANDARD = "gnu++14";
				CLANG_CXX_LIBRARY = "libc++";
				CLANG_ENABLE_MODULES = YES;
				CLANG_ENABLE_OBJC_ARC = YES;
				CLANG_ENABLE_OBJC_WEAK = YES;
				CLANG_WARN_BLOCK_CAPTURE_AUTORELEASING = YES;
				CLANG_WARN_BOOL_CONVERSION = YES;
				CLANG_WARN_COMMA = YES;
				CLANG_WARN_CONSTANT_CONVERSION = YES;
				CLANG_WARN_DEPRECATED_OBJC_IMPLEMENTATIONS = YES;
				CLANG_WARN_DIRECT_OBJC_ISA_USAGE = YES_ERROR;
				CLANG_WARN_DOCUMENTATION_COMMENTS = YES;
				CLANG_WARN_EMPTY_BODY = YES;
				CLANG_WARN_ENUM_CONVERSION = YES;
				CLANG_WARN_INFINITE_RECURSION = YES;
				CLANG_WARN_INT_CONVERSION = YES;
				CLANG_WARN_NON_LITERAL_NULL_CONVERSION = YES;
				CLANG_WARN_OBJC_IMPLICIT_RETAIN_SELF = YES;
				CLANG_WARN_OBJC_LITERAL_CONVERSION = YES;
				CLANG_WARN_OBJC_ROOT_CLASS = YES_ERROR;
				CLANG_WARN_RANGE_LOOP_ANALYSIS = YES;
				CLANG_WARN_STRICT_PROTOTYPES = YES;
				CLANG_WARN_SUSPICIOUS_MOVE = YES;
				CLANG_WARN_UNGUARDED_AVAILABILITY = YES_AGGRESSIVE;
				CLANG_WARN_UNREACHABLE_CODE = YES;
				CLANG_WARN__DUPLICATE_METHOD_MATCH = YES;
				COPY_PHASE_STRIP = NO;
				DEBUG_INFORMATION_FORMAT = dwarf;
				ENABLE_STRICT_OBJC_MSGSEND = YES;
				ENABLE_TESTABILITY = YES;
				GCC_C_LANGUAGE_STANDARD = gnu11;
				GCC_DYNAMIC_NO_PIC = NO;
				GCC_NO_COMMON_BLOCKS = YES;
				GCC_OPTIMIZATION_LEVEL = 0;
				GCC_PREPROCESSOR_DEFINITIONS = (
					"DEBUG=1",
					"$(inherited)",
				);
				GCC_WARN_64_TO_32_BIT_CONVERSION = YES;
				GCC_WARN_ABOUT_RETURN_TYPE = YES_ERROR;
				GCC_WARN_UNDECLARED_SELECTOR = YES;
				GCC_WARN_UNINITIALIZED_AUTOS = YES_AGGRESSIVE;
				GCC_WARN_UNUSED_FUNCTION = YES;
				GCC_WARN_UNUSED_VARIABLE = YES;
				IPHONEOS_DEPLOYMENT_TARGET = 13.2;
				MTL_ENABLE_DEBUG_INFO = INCLUDE_SOURCE;
				MTL_FAST_MATH = YES;
				ONLY_ACTIVE_ARCH = YES;
				SDKROOT = iphoneos;
				SWIFT_ACTIVE_COMPILATION_CONDITIONS = DEBUG;
				SWIFT_OPTIMIZATION_LEVEL = "-Onone";
			};
			name = Debug;
		};
		637A3BBA245692C800561446 /* Release */ = {
			isa = XCBuildConfiguration;
			buildSettings = {
				ALWAYS_SEARCH_USER_PATHS = NO;
				CLANG_ANALYZER_NONNULL = YES;
				CLANG_ANALYZER_NUMBER_OBJECT_CONVERSION = YES_AGGRESSIVE;
				CLANG_CXX_LANGUAGE_STANDARD = "gnu++14";
				CLANG_CXX_LIBRARY = "libc++";
				CLANG_ENABLE_MODULES = YES;
				CLANG_ENABLE_OBJC_ARC = YES;
				CLANG_ENABLE_OBJC_WEAK = YES;
				CLANG_WARN_BLOCK_CAPTURE_AUTORELEASING = YES;
				CLANG_WARN_BOOL_CONVERSION = YES;
				CLANG_WARN_COMMA = YES;
				CLANG_WARN_CONSTANT_CONVERSION = YES;
				CLANG_WARN_DEPRECATED_OBJC_IMPLEMENTATIONS = YES;
				CLANG_WARN_DIRECT_OBJC_ISA_USAGE = YES_ERROR;
				CLANG_WARN_DOCUMENTATION_COMMENTS = YES;
				CLANG_WARN_EMPTY_BODY = YES;
				CLANG_WARN_ENUM_CONVERSION = YES;
				CLANG_WARN_INFINITE_RECURSION = YES;
				CLANG_WARN_INT_CONVERSION = YES;
				CLANG_WARN_NON_LITERAL_NULL_CONVERSION = YES;
				CLANG_WARN_OBJC_IMPLICIT_RETAIN_SELF = YES;
				CLANG_WARN_OBJC_LITERAL_CONVERSION = YES;
				CLANG_WARN_OBJC_ROOT_CLASS = YES_ERROR;
				CLANG_WARN_RANGE_LOOP_ANALYSIS = YES;
				CLANG_WARN_STRICT_PROTOTYPES = YES;
				CLANG_WARN_SUSPICIOUS_MOVE = YES;
				CLANG_WARN_UNGUARDED_AVAILABILITY = YES_AGGRESSIVE;
				CLANG_WARN_UNREACHABLE_CODE = YES;
				CLANG_WARN__DUPLICATE_METHOD_MATCH = YES;
				COPY_PHASE_STRIP = NO;
				DEBUG_INFORMATION_FORMAT = "dwarf-with-dsym";
				ENABLE_NS_ASSERTIONS = NO;
				ENABLE_STRICT_OBJC_MSGSEND = YES;
				GCC_C_LANGUAGE_STANDARD = gnu11;
				GCC_NO_COMMON_BLOCKS = YES;
				GCC_WARN_64_TO_32_BIT_CONVERSION = YES;
				GCC_WARN_ABOUT_RETURN_TYPE = YES_ERROR;
				GCC_WARN_UNDECLARED_SELECTOR = YES;
				GCC_WARN_UNINITIALIZED_AUTOS = YES_AGGRESSIVE;
				GCC_WARN_UNUSED_FUNCTION = YES;
				GCC_WARN_UNUSED_VARIABLE = YES;
				IPHONEOS_DEPLOYMENT_TARGET = 13.2;
				MTL_ENABLE_DEBUG_INFO = NO;
				MTL_FAST_MATH = YES;
				SDKROOT = iphoneos;
				SWIFT_COMPILATION_MODE = wholemodule;
				SWIFT_OPTIMIZATION_LEVEL = "-O";
				VALIDATE_PRODUCT = YES;
			};
			name = Release;
		};
		637A3BBC245692C800561446 /* Debug */ = {
			isa = XCBuildConfiguration;
			buildSettings = {
				ASSETCATALOG_COMPILER_APPICON_NAME = AppIcon;
				CLANG_ENABLE_MODULES = YES;
				CODE_SIGN_IDENTITY = "Apple Development";
				CODE_SIGN_STYLE = Automatic;
				DEVELOPMENT_TEAM = 5543CP4MRT;
				FRAMEWORK_SEARCH_PATHS = (
					"$(inherited)",
					"$(PROJECT_DIR)/AR-iOS-Tutorial",
				);
				INFOPLIST_FILE = "AR-iOS-Tutorial/Info.plist";
				IPHONEOS_DEPLOYMENT_TARGET = 9.0;
				LD_RUNPATH_SEARCH_PATHS = (
					"$(inherited)",
					"@executable_path/Frameworks",
				);
				PRODUCT_BUNDLE_IDENTIFIER = "AR.AR-iOS-Tutorial";
				PRODUCT_NAME = "$(TARGET_NAME)";
				PROVISIONING_PROFILE_SPECIFIER = "";
				SWIFT_OBJC_BRIDGING_HEADER = "/Users/a1/Desktop/AriOSSDK/AR-iOS-Tutorial/bridging-header.h";
				SWIFT_OPTIMIZATION_LEVEL = "-Onone";
				SWIFT_VERSION = 5.0;
				TARGETED_DEVICE_FAMILY = "1,2";
			};
			name = Debug;
		};
		637A3BBD245692C800561446 /* Release */ = {
			isa = XCBuildConfiguration;
			buildSettings = {
				ASSETCATALOG_COMPILER_APPICON_NAME = AppIcon;
				CLANG_ENABLE_MODULES = YES;
				CODE_SIGN_IDENTITY = "Apple Development";
				CODE_SIGN_STYLE = Automatic;
				DEVELOPMENT_TEAM = 5543CP4MRT;
				FRAMEWORK_SEARCH_PATHS = (
					"$(inherited)",
					"$(PROJECT_DIR)/AR-iOS-Tutorial",
				);
				INFOPLIST_FILE = "AR-iOS-Tutorial/Info.plist";
				IPHONEOS_DEPLOYMENT_TARGET = 9.0;
				LD_RUNPATH_SEARCH_PATHS = (
					"$(inherited)",
					"@executable_path/Frameworks",
				);
				PRODUCT_BUNDLE_IDENTIFIER = "AR.AR-iOS-Tutorial";
				PRODUCT_NAME = "$(TARGET_NAME)";
				PROVISIONING_PROFILE_SPECIFIER = "";
				SWIFT_OBJC_BRIDGING_HEADER = "/Users/a1/Desktop/AriOSSDK/AR-iOS-Tutorial/bridging-header.h";
				SWIFT_VERSION = 5.0;
				TARGETED_DEVICE_FAMILY = "1,2";
			};
			name = Release;
		};
/* End XCBuildConfiguration section */

/* Begin XCConfigurationList section */
		637A3BA2245692C600561446 /* Build configuration list for PBXProject "AR-iOS-Tutorial" */ = {
			isa = XCConfigurationList;
			buildConfigurations = (
				637A3BB9245692C800561446 /* Debug */,
				637A3BBA245692C800561446 /* Release */,
			);
			defaultConfigurationIsVisible = 0;
			defaultConfigurationName = Release;
		};
		637A3BBB245692C800561446 /* Build configuration list for PBXNativeTarget "AR-iOS-Tutorial" */ = {
			isa = XCConfigurationList;
			buildConfigurations = (
				637A3BBC245692C800561446 /* Debug */,
				637A3BBD245692C800561446 /* Release */,
			);
			defaultConfigurationIsVisible = 0;
			defaultConfigurationName = Release;
		};
/* End XCConfigurationList section */
	};
	rootObject = 637A3B9F245692C600561446 /* Project object */;
}
